
Microsoft Visual Studio Solution File, Format Version 12.00
# Visual Studio Version 16
VisualStudioVersion = 16.0.30002.166
MinimumVisualStudioVersion = 10.0.40219.1
Project("{FAE04EC0-301F-11D3-BF4B-00C04F79EFBC}") = "TrickingLibrary.Api", "TrickingLibrary.Api\TrickingLibrary.Api.csproj", "{8B985501-05AE-4835-BE9A-13FCD7EB462F}"
EndProject
Global
	GlobalSection(SolutionConfigurationPlatforms) = preSolution
		Debug|Any CPU = Debug|Any CPU
		Release|Any CPU = Release|Any CPU
	EndGlobalSection
	GlobalSection(ProjectConfigurationPlatforms) = postSolution
		{8B985501-05AE-4835-BE9A-13FCD7EB462F}.Debug|Any CPU.ActiveCfg = Debug|Any CPU
		{8B985501-05AE-4835-BE9A-13FCD7EB462F}.Debug|Any CPU.Build.0 = Debug|Any CPU
		{8B985501-05AE-4835-BE9A-13FCD7EB462F}.Release|Any CPU.ActiveCfg = Release|Any CPU
		{8B985501-05AE-4835-BE9A-13FCD7EB462F}.Release|Any CPU.Build.0 = Release|Any CPU
	EndGlobalSection
	GlobalSection(SolutionProperties) = preSolution
		HideSolutionNode = FALSE
	EndGlobalSection
	GlobalSection(ExtensibilityGlobals) = postSolution
		SolutionGuid = {06B8C149-91F5-4D88-94E8-98AE953FAC07}
	EndGlobalSection
EndGlobal
